// !$*UTF8*$!
{
	archiveVersion = 1;
	classes = {
	};
	objectVersion = 50;
	objects = {

/* Begin PBXBuildFile section */
		50AF8C45220A08A400B1DBC7 /* AppDelegate.swift in Sources */ = {isa = PBXBuildFile; fileRef = 50AF8C44220A08A400B1DBC7 /* AppDelegate.swift */; };
		50AF8C47220A08A400B1DBC7 /* CollectionViewController.swift in Sources */ = {isa = PBXBuildFile; fileRef = 50AF8C46220A08A400B1DBC7 /* CollectionViewController.swift */; };
		50AF8C4A220A08A400B1DBC7 /* Main.storyboard in Resources */ = {isa = PBXBuildFile; fileRef = 50AF8C48220A08A400B1DBC7 /* Main.storyboard */; };
		50AF8C4C220A08A600B1DBC7 /* Assets.xcassets in Resources */ = {isa = PBXBuildFile; fileRef = 50AF8C4B220A08A600B1DBC7 /* Assets.xcassets */; };
		50AF8C4F220A08A600B1DBC7 /* LaunchScreen.storyboard in Resources */ = {isa = PBXBuildFile; fileRef = 50AF8C4D220A08A600B1DBC7 /* LaunchScreen.storyboard */; };
		50AF8C57220A09D900B1DBC7 /* extensionNSLayoutConstraint.swift in Sources */ = {isa = PBXBuildFile; fileRef = 50AF8C56220A09D900B1DBC7 /* extensionNSLayoutConstraint.swift */; };
		50AF8C59220A0AB900B1DBC7 /* PlainColorCollectionViewCell.swift in Sources */ = {isa = PBXBuildFile; fileRef = 50AF8C58220A0AB900B1DBC7 /* PlainColorCollectionViewCell.swift */; };
		50AF8C5B220A0B0500B1DBC7 /* SplitCollectionViewLayout.swift in Sources */ = {isa = PBXBuildFile; fileRef = 50AF8C5A220A0B0500B1DBC7 /* SplitCollectionViewLayout.swift */; };
		50AF8C5E220A0E2800B1DBC7 /* Separator.swift in Sources */ = {isa = PBXBuildFile; fileRef = 50AF8C5D220A0E2800B1DBC7 /* Separator.swift */; };
		50AF8C60220A10C100B1DBC7 /* extensionCGRect.swift in Sources */ = {isa = PBXBuildFile; fileRef = 50AF8C5F220A10C100B1DBC7 /* extensionCGRect.swift */; };
		50AF8C62220A163700B1DBC7 /* SplitScreenManager.swift in Sources */ = {isa = PBXBuildFile; fileRef = 50AF8C61220A163700B1DBC7 /* SplitScreenManager.swift */; };
		50AF8C6C220C111000B1DBC7 /* SeparatorView.swift in Sources */ = {isa = PBXBuildFile; fileRef = 50AF8C6B220C111000B1DBC7 /* SeparatorView.swift */; };
		50AF8C71220DA57C00B1DBC7 /* IndexPathProvider.swift in Sources */ = {isa = PBXBuildFile; fileRef = 50AF8C70220DA57C00B1DBC7 /* IndexPathProvider.swift */; };
		50AF8C73220DDED800B1DBC7 /* SplitScreenTreeNode.swift in Sources */ = {isa = PBXBuildFile; fileRef = 50AF8C72220DDED800B1DBC7 /* SplitScreenTreeNode.swift */; };
		50AF8C942210A59000B1DBC7 /* SplitScreenDataManager.swift in Sources */ = {isa = PBXBuildFile; fileRef = 50AF8C932210A59000B1DBC7 /* SplitScreenDataManager.swift */; };
		50AF8C98221167C100B1DBC7 /* EndScreenView.swift in Sources */ = {isa = PBXBuildFile; fileRef = 50AF8C97221167C100B1DBC7 /* EndScreenView.swift */; };
		50AF8C9A2211686000B1DBC7 /* SplitScreenDelegate.swift in Sources */ = {isa = PBXBuildFile; fileRef = 50AF8C992211686000B1DBC7 /* SplitScreenDelegate.swift */; };
		50AF8C9C221169B600B1DBC7 /* UsageExample.swift in Sources */ = {isa = PBXBuildFile; fileRef = 50AF8C9B221169B600B1DBC7 /* UsageExample.swift */; };
		50AF8C9E22116A2D00B1DBC7 /* SplitScreen.swift in Sources */ = {isa = PBXBuildFile; fileRef = 50AF8C9D22116A2D00B1DBC7 /* SplitScreen.swift */; };
		50AF8CA022116ABB00B1DBC7 /* SplitScreenCollectionViewLayout.swift in Sources */ = {isa = PBXBuildFile; fileRef = 50AF8C9F22116ABB00B1DBC7 /* SplitScreenCollectionViewLayout.swift */; };
		50AF8CA222116B5400B1DBC7 /* LayoutAttributesManager.swift in Sources */ = {isa = PBXBuildFile; fileRef = 50AF8CA122116B5400B1DBC7 /* LayoutAttributesManager.swift */; };
/* End PBXBuildFile section */

/* Begin PBXFileReference section */
		50AF8C41220A08A400B1DBC7 /* Recursive Split Screen.app */ = {isa = PBXFileReference; explicitFileType = wrapper.application; includeInIndex = 0; path = "Recursive Split Screen.app"; sourceTree = BUILT_PRODUCTS_DIR; };
		50AF8C44220A08A400B1DBC7 /* AppDelegate.swift */ = {isa = PBXFileReference; lastKnownFileType = sourcecode.swift; path = AppDelegate.swift; sourceTree = "<group>"; };
		50AF8C46220A08A400B1DBC7 /* CollectionViewController.swift */ = {isa = PBXFileReference; lastKnownFileType = sourcecode.swift; path = CollectionViewController.swift; sourceTree = "<group>"; };
		50AF8C49220A08A400B1DBC7 /* Base */ = {isa = PBXFileReference; lastKnownFileType = file.storyboard; name = Base; path = Base.lproj/Main.storyboard; sourceTree = "<group>"; };
		50AF8C4B220A08A600B1DBC7 /* Assets.xcassets */ = {isa = PBXFileReference; lastKnownFileType = folder.assetcatalog; path = Assets.xcassets; sourceTree = "<group>"; };
		50AF8C4E220A08A600B1DBC7 /* Base */ = {isa = PBXFileReference; lastKnownFileType = file.storyboard; name = Base; path = Base.lproj/LaunchScreen.storyboard; sourceTree = "<group>"; };
		50AF8C50220A08A600B1DBC7 /* Info.plist */ = {isa = PBXFileReference; lastKnownFileType = text.plist.xml; path = Info.plist; sourceTree = "<group>"; };
		50AF8C56220A09D900B1DBC7 /* extensionNSLayoutConstraint.swift */ = {isa = PBXFileReference; lastKnownFileType = sourcecode.swift; path = extensionNSLayoutConstraint.swift; sourceTree = "<group>"; };
		50AF8C58220A0AB900B1DBC7 /* PlainColorCollectionViewCell.swift */ = {isa = PBXFileReference; lastKnownFileType = sourcecode.swift; path = PlainColorCollectionViewCell.swift; sourceTree = "<group>"; };
		50AF8C5A220A0B0500B1DBC7 /* SplitCollectionViewLayout.swift */ = {isa = PBXFileReference; lastKnownFileType = sourcecode.swift; path = SplitCollectionViewLayout.swift; sourceTree = "<group>"; };
		50AF8C5D220A0E2800B1DBC7 /* Separator.swift */ = {isa = PBXFileReference; lastKnownFileType = sourcecode.swift; path = Separator.swift; sourceTree = "<group>"; };
		50AF8C5F220A10C100B1DBC7 /* extensionCGRect.swift */ = {isa = PBXFileReference; lastKnownFileType = sourcecode.swift; path = extensionCGRect.swift; sourceTree = "<group>"; };
		50AF8C61220A163700B1DBC7 /* SplitScreenManager.swift */ = {isa = PBXFileReference; lastKnownFileType = sourcecode.swift; path = SplitScreenManager.swift; sourceTree = "<group>"; };
		50AF8C6B220C111000B1DBC7 /* SeparatorView.swift */ = {isa = PBXFileReference; lastKnownFileType = sourcecode.swift; path = SeparatorView.swift; sourceTree = "<group>"; };
		50AF8C70220DA57C00B1DBC7 /* IndexPathProvider.swift */ = {isa = PBXFileReference; lastKnownFileType = sourcecode.swift; path = IndexPathProvider.swift; sourceTree = "<group>"; };
		50AF8C72220DDED800B1DBC7 /* SplitScreenTreeNode.swift */ = {isa = PBXFileReference; lastKnownFileType = sourcecode.swift; path = SplitScreenTreeNode.swift; sourceTree = "<group>"; };
		50AF8C932210A59000B1DBC7 /* SplitScreenDataManager.swift */ = {isa = PBXFileReference; lastKnownFileType = sourcecode.swift; path = SplitScreenDataManager.swift; sourceTree = "<group>"; };
		50AF8C97221167C100B1DBC7 /* EndScreenView.swift */ = {isa = PBXFileReference; lastKnownFileType = sourcecode.swift; path = EndScreenView.swift; sourceTree = "<group>"; };
		50AF8C992211686000B1DBC7 /* SplitScreenDelegate.swift */ = {isa = PBXFileReference; lastKnownFileType = sourcecode.swift; path = SplitScreenDelegate.swift; sourceTree = "<group>"; };
		50AF8C9B221169B600B1DBC7 /* UsageExample.swift */ = {isa = PBXFileReference; lastKnownFileType = sourcecode.swift; path = UsageExample.swift; sourceTree = "<group>"; };
		50AF8C9D22116A2D00B1DBC7 /* SplitScreen.swift */ = {isa = PBXFileReference; lastKnownFileType = sourcecode.swift; path = SplitScreen.swift; sourceTree = "<group>"; };
		50AF8C9F22116ABB00B1DBC7 /* SplitScreenCollectionViewLayout.swift */ = {isa = PBXFileReference; lastKnownFileType = sourcecode.swift; path = SplitScreenCollectionViewLayout.swift; sourceTree = "<group>"; };
		50AF8CA122116B5400B1DBC7 /* LayoutAttributesManager.swift */ = {isa = PBXFileReference; lastKnownFileType = sourcecode.swift; path = LayoutAttributesManager.swift; sourceTree = "<group>"; };
/* End PBXFileReference section */

/* Begin PBXFrameworksBuildPhase section */
		50AF8C3E220A08A400B1DBC7 /* Frameworks */ = {
			isa = PBXFrameworksBuildPhase;
			buildActionMask = 2147483647;
			files = (
			);
			runOnlyForDeploymentPostprocessing = 0;
		};
/* End PBXFrameworksBuildPhase section */

/* Begin PBXGroup section */
		50AF8C38220A08A400B1DBC7 = {
			isa = PBXGroup;
			children = (
				50AF8C43220A08A400B1DBC7 /* Recursive Split Screen */,
				50AF8C42220A08A400B1DBC7 /* Products */,
			);
			sourceTree = "<group>";
		};
		50AF8C42220A08A400B1DBC7 /* Products */ = {
			isa = PBXGroup;
			children = (
				50AF8C41220A08A400B1DBC7 /* Recursive Split Screen.app */,
			);
			name = Products;
			sourceTree = "<group>";
		};
		50AF8C43220A08A400B1DBC7 /* Recursive Split Screen */ = {
			isa = PBXGroup;
			children = (
				50AF8C46220A08A400B1DBC7 /* CollectionViewController.swift */,
				50AF8C5A220A0B0500B1DBC7 /* SplitCollectionViewLayout.swift */,
				50AF8C61220A163700B1DBC7 /* SplitScreenManager.swift */,
				50AF8C70220DA57C00B1DBC7 /* IndexPathProvider.swift */,
				50AF8C5D220A0E2800B1DBC7 /* Separator.swift */,
				50AF8C922210A56700B1DBC7 /* New architecture */,
				50AF8C6F220D9C2200B1DBC7 /* Tree */,
				50AF8C68220AFB5E00B1DBC7 /* Views */,
				50AF8C67220AFB1E00B1DBC7 /* UIKit extensions */,
				50AF8C5C220A0CF400B1DBC7 /* Supporting files */,
				50AF8C50220A08A600B1DBC7 /* Info.plist */,
			);
			path = "Recursive Split Screen";
			sourceTree = "<group>";
		};
		50AF8C5C220A0CF400B1DBC7 /* Supporting files */ = {
			isa = PBXGroup;
			children = (
				50AF8C44220A08A400B1DBC7 /* AppDelegate.swift */,
				50AF8C4B220A08A600B1DBC7 /* Assets.xcassets */,
			);
			path = "Supporting files";
			sourceTree = "<group>";
		};
		50AF8C67220AFB1E00B1DBC7 /* UIKit extensions */ = {
			isa = PBXGroup;
			children = (
				50AF8C56220A09D900B1DBC7 /* extensionNSLayoutConstraint.swift */,
				50AF8C5F220A10C100B1DBC7 /* extensionCGRect.swift */,
			);
			path = "UIKit extensions";
			sourceTree = "<group>";
		};
		50AF8C68220AFB5E00B1DBC7 /* Views */ = {
			isa = PBXGroup;
			children = (
				50AF8C58220A0AB900B1DBC7 /* PlainColorCollectionViewCell.swift */,
				50AF8C6B220C111000B1DBC7 /* SeparatorView.swift */,
				50AF8C48220A08A400B1DBC7 /* Main.storyboard */,
				50AF8C4D220A08A600B1DBC7 /* LaunchScreen.storyboard */,
			);
			path = Views;
			sourceTree = "<group>";
		};
		50AF8C6F220D9C2200B1DBC7 /* Tree */ = {
			isa = PBXGroup;
			children = (
				50AF8C72220DDED800B1DBC7 /* SplitScreenTreeNode.swift */,
			);
			path = Tree;
			sourceTree = "<group>";
		};
		50AF8C922210A56700B1DBC7 /* New architecture */ = {
			isa = PBXGroup;
			children = (
				50AF8C9B221169B600B1DBC7 /* UsageExample.swift */,
				50AF8C9D22116A2D00B1DBC7 /* SplitScreen.swift */,
				50AF8C992211686000B1DBC7 /* SplitScreenDelegate.swift */,
				50AF8C932210A59000B1DBC7 /* SplitScreenDataManager.swift */,
				50AF8C9F22116ABB00B1DBC7 /* SplitScreenCollectionViewLayout.swift */,
				50AF8CA122116B5400B1DBC7 /* LayoutAttributesManager.swift */,
				50AF8C97221167C100B1DBC7 /* EndScreenView.swift */,
			);
			path = "New architecture";
			sourceTree = "<group>";
		};
/* End PBXGroup section */

/* Begin PBXNativeTarget section */
		50AF8C40220A08A400B1DBC7 /* Recursive Split Screen */ = {
			isa = PBXNativeTarget;
			buildConfigurationList = 50AF8C53220A08A600B1DBC7 /* Build configuration list for PBXNativeTarget "Recursive Split Screen" */;
			buildPhases = (
				50AF8C3D220A08A400B1DBC7 /* Sources */,
				50AF8C3E220A08A400B1DBC7 /* Frameworks */,
				50AF8C3F220A08A400B1DBC7 /* Resources */,
			);
			buildRules = (
			);
			dependencies = (
			);
			name = "Recursive Split Screen";
			productName = "Recursive Split Screen";
			productReference = 50AF8C41220A08A400B1DBC7 /* Recursive Split Screen.app */;
			productType = "com.apple.product-type.application";
		};
/* End PBXNativeTarget section */

/* Begin PBXProject section */
		50AF8C39220A08A400B1DBC7 /* Project object */ = {
			isa = PBXProject;
			attributes = {
				LastSwiftUpdateCheck = 1000;
				LastUpgradeCheck = 1000;
				ORGANIZATIONNAME = Valeriy;
				TargetAttributes = {
					50AF8C40220A08A400B1DBC7 = {
						CreatedOnToolsVersion = 10.0;
					};
				};
			};
			buildConfigurationList = 50AF8C3C220A08A400B1DBC7 /* Build configuration list for PBXProject "Recursive Split Screen" */;
			compatibilityVersion = "Xcode 9.3";
			developmentRegion = en;
			hasScannedForEncodings = 0;
			knownRegions = (
				en,
				Base,
			);
			mainGroup = 50AF8C38220A08A400B1DBC7;
			productRefGroup = 50AF8C42220A08A400B1DBC7 /* Products */;
			projectDirPath = "";
			projectRoot = "";
			targets = (
				50AF8C40220A08A400B1DBC7 /* Recursive Split Screen */,
			);
		};
/* End PBXProject section */

/* Begin PBXResourcesBuildPhase section */
		50AF8C3F220A08A400B1DBC7 /* Resources */ = {
			isa = PBXResourcesBuildPhase;
			buildActionMask = 2147483647;
			files = (
				50AF8C4F220A08A600B1DBC7 /* LaunchScreen.storyboard in Resources */,
				50AF8C4C220A08A600B1DBC7 /* Assets.xcassets in Resources */,
				50AF8C4A220A08A400B1DBC7 /* Main.storyboard in Resources */,
			);
			runOnlyForDeploymentPostprocessing = 0;
		};
/* End PBXResourcesBuildPhase section */

/* Begin PBXSourcesBuildPhase section */
		50AF8C3D220A08A400B1DBC7 /* Sources */ = {
			isa = PBXSourcesBuildPhase;
			buildActionMask = 2147483647;
			files = (
				50AF8CA022116ABB00B1DBC7 /* SplitScreenCollectionViewLayout.swift in Sources */,
				50AF8C942210A59000B1DBC7 /* SplitScreenDataManager.swift in Sources */,
				50AF8C62220A163700B1DBC7 /* SplitScreenManager.swift in Sources */,
				50AF8C47220A08A400B1DBC7 /* CollectionViewController.swift in Sources */,
				50AF8C98221167C100B1DBC7 /* EndScreenView.swift in Sources */,
				50AF8C9C221169B600B1DBC7 /* UsageExample.swift in Sources */,
				50AF8C5B220A0B0500B1DBC7 /* SplitCollectionViewLayout.swift in Sources */,
				50AF8C71220DA57C00B1DBC7 /* IndexPathProvider.swift in Sources */,
				50AF8C59220A0AB900B1DBC7 /* PlainColorCollectionViewCell.swift in Sources */,
				50AF8C9E22116A2D00B1DBC7 /* SplitScreen.swift in Sources */,
				50AF8C9A2211686000B1DBC7 /* SplitScreenDelegate.swift in Sources */,
				50AF8C45220A08A400B1DBC7 /* AppDelegate.swift in Sources */,
				50AF8C57220A09D900B1DBC7 /* extensionNSLayoutConstraint.swift in Sources */,
				50AF8C5E220A0E2800B1DBC7 /* Separator.swift in Sources */,
				50AF8C6C220C111000B1DBC7 /* SeparatorView.swift in Sources */,
				50AF8C60220A10C100B1DBC7 /* extensionCGRect.swift in Sources */,
				50AF8CA222116B5400B1DBC7 /* LayoutAttributesManager.swift in Sources */,
				50AF8C73220DDED800B1DBC7 /* SplitScreenTreeNode.swift in Sources */,
			);
			runOnlyForDeploymentPostprocessing = 0;
		};
/* End PBXSourcesBuildPhase section */

/* Begin PBXVariantGroup section */
		50AF8C48220A08A400B1DBC7 /* Main.storyboard */ = {
			isa = PBXVariantGroup;
			children = (
				50AF8C49220A08A400B1DBC7 /* Base */,
			);
			name = Main.storyboard;
			sourceTree = "<group>";
		};
		50AF8C4D220A08A600B1DBC7 /* LaunchScreen.storyboard */ = {
			isa = PBXVariantGroup;
			children = (
				50AF8C4E220A08A600B1DBC7 /* Base */,
			);
			name = LaunchScreen.storyboard;
			sourceTree = "<group>";
		};
/* End PBXVariantGroup section */

/* Begin XCBuildConfiguration section */
		50AF8C51220A08A600B1DBC7 /* Debug */ = {
			isa = XCBuildConfiguration;
			buildSettings = {
				ALWAYS_SEARCH_USER_PATHS = NO;
				CLANG_ANALYZER_NONNULL = YES;
				CLANG_ANALYZER_NUMBER_OBJECT_CONVERSION = YES_AGGRESSIVE;
				CLANG_CXX_LANGUAGE_STANDARD = "gnu++14";
				CLANG_CXX_LIBRARY = "libc++";
				CLANG_ENABLE_MODULES = YES;
				CLANG_ENABLE_OBJC_ARC = YES;
				CLANG_ENABLE_OBJC_WEAK = YES;
				CLANG_WARN_BLOCK_CAPTURE_AUTORELEASING = YES;
				CLANG_WARN_BOOL_CONVERSION = YES;
				CLANG_WARN_COMMA = YES;
				CLANG_WARN_CONSTANT_CONVERSION = YES;
				CLANG_WARN_DEPRECATED_OBJC_IMPLEMENTATIONS = YES;
				CLANG_WARN_DIRECT_OBJC_ISA_USAGE = YES_ERROR;
				CLANG_WARN_DOCUMENTATION_COMMENTS = YES;
				CLANG_WARN_EMPTY_BODY = YES;
				CLANG_WARN_ENUM_CONVERSION = YES;
				CLANG_WARN_INFINITE_RECURSION = YES;
				CLANG_WARN_INT_CONVERSION = YES;
				CLANG_WARN_NON_LITERAL_NULL_CONVERSION = YES;
				CLANG_WARN_OBJC_IMPLICIT_RETAIN_SELF = YES;
				CLANG_WARN_OBJC_LITERAL_CONVERSION = YES;
				CLANG_WARN_OBJC_ROOT_CLASS = YES_ERROR;
				CLANG_WARN_RANGE_LOOP_ANALYSIS = YES;
				CLANG_WARN_STRICT_PROTOTYPES = YES;
				CLANG_WARN_SUSPICIOUS_MOVE = YES;
				CLANG_WARN_UNGUARDED_AVAILABILITY = YES_AGGRESSIVE;
				CLANG_WARN_UNREACHABLE_CODE = YES;
				CLANG_WARN__DUPLICATE_METHOD_MATCH = YES;
				CODE_SIGN_IDENTITY = "iPhone Developer";
				COPY_PHASE_STRIP = NO;
				DEBUG_INFORMATION_FORMAT = dwarf;
				ENABLE_STRICT_OBJC_MSGSEND = YES;
				ENABLE_TESTABILITY = YES;
				GCC_C_LANGUAGE_STANDARD = gnu11;
				GCC_DYNAMIC_NO_PIC = NO;
				GCC_NO_COMMON_BLOCKS = YES;
				GCC_OPTIMIZATION_LEVEL = 0;
				GCC_PREPROCESSOR_DEFINITIONS = (
					"DEBUG=1",
					"$(inherited)",
				);
				GCC_WARN_64_TO_32_BIT_CONVERSION = YES;
				GCC_WARN_ABOUT_RETURN_TYPE = YES_ERROR;
				GCC_WARN_UNDECLARED_SELECTOR = YES;
				GCC_WARN_UNINITIALIZED_AUTOS = YES_AGGRESSIVE;
				GCC_WARN_UNUSED_FUNCTION = YES;
				GCC_WARN_UNUSED_VARIABLE = YES;
				IPHONEOS_DEPLOYMENT_TARGET = 12.0;
				MTL_ENABLE_DEBUG_INFO = INCLUDE_SOURCE;
				MTL_FAST_MATH = YES;
				ONLY_ACTIVE_ARCH = YES;
				SDKROOT = iphoneos;
				SWIFT_ACTIVE_COMPILATION_CONDITIONS = DEBUG;
				SWIFT_OPTIMIZATION_LEVEL = "-Onone";
			};
			name = Debug;
		};
		50AF8C52220A08A600B1DBC7 /* Release */ = {
			isa = XCBuildConfiguration;
			buildSettings = {
				ALWAYS_SEARCH_USER_PATHS = NO;
				CLANG_ANALYZER_NONNULL = YES;
				CLANG_ANALYZER_NUMBER_OBJECT_CONVERSION = YES_AGGRESSIVE;
				CLANG_CXX_LANGUAGE_STANDARD = "gnu++14";
				CLANG_CXX_LIBRARY = "libc++";
				CLANG_ENABLE_MODULES = YES;
				CLANG_ENABLE_OBJC_ARC = YES;
				CLANG_ENABLE_OBJC_WEAK = YES;
				CLANG_WARN_BLOCK_CAPTURE_AUTORELEASING = YES;
				CLANG_WARN_BOOL_CONVERSION = YES;
				CLANG_WARN_COMMA = YES;
				CLANG_WARN_CONSTANT_CONVERSION = YES;
				CLANG_WARN_DEPRECATED_OBJC_IMPLEMENTATIONS = YES;
				CLANG_WARN_DIRECT_OBJC_ISA_USAGE = YES_ERROR;
				CLANG_WARN_DOCUMENTATION_COMMENTS = YES;
				CLANG_WARN_EMPTY_BODY = YES;
				CLANG_WARN_ENUM_CONVERSION = YES;
				CLANG_WARN_INFINITE_RECURSION = YES;
				CLANG_WARN_INT_CONVERSION = YES;
				CLANG_WARN_NON_LITERAL_NULL_CONVERSION = YES;
				CLANG_WARN_OBJC_IMPLICIT_RETAIN_SELF = YES;
				CLANG_WARN_OBJC_LITERAL_CONVERSION = YES;
				CLANG_WARN_OBJC_ROOT_CLASS = YES_ERROR;
				CLANG_WARN_RANGE_LOOP_ANALYSIS = YES;
				CLANG_WARN_STRICT_PROTOTYPES = YES;
				CLANG_WARN_SUSPICIOUS_MOVE = YES;
				CLANG_WARN_UNGUARDED_AVAILABILITY = YES_AGGRESSIVE;
				CLANG_WARN_UNREACHABLE_CODE = YES;
				CLANG_WARN__DUPLICATE_METHOD_MATCH = YES;
				CODE_SIGN_IDENTITY = "iPhone Developer";
				COPY_PHASE_STRIP = NO;
				DEBUG_INFORMATION_FORMAT = "dwarf-with-dsym";
				ENABLE_NS_ASSERTIONS = NO;
				ENABLE_STRICT_OBJC_MSGSEND = YES;
				GCC_C_LANGUAGE_STANDARD = gnu11;
				GCC_NO_COMMON_BLOCKS = YES;
				GCC_WARN_64_TO_32_BIT_CONVERSION = YES;
				GCC_WARN_ABOUT_RETURN_TYPE = YES_ERROR;
				GCC_WARN_UNDECLARED_SELECTOR = YES;
				GCC_WARN_UNINITIALIZED_AUTOS = YES_AGGRESSIVE;
				GCC_WARN_UNUSED_FUNCTION = YES;
				GCC_WARN_UNUSED_VARIABLE = YES;
				IPHONEOS_DEPLOYMENT_TARGET = 12.0;
				MTL_ENABLE_DEBUG_INFO = NO;
				MTL_FAST_MATH = YES;
				SDKROOT = iphoneos;
				SWIFT_COMPILATION_MODE = wholemodule;
				SWIFT_OPTIMIZATION_LEVEL = "-O";
				VALIDATE_PRODUCT = YES;
			};
			name = Release;
		};
		50AF8C54220A08A600B1DBC7 /* Debug */ = {
			isa = XCBuildConfiguration;
			buildSettings = {
				ASSETCATALOG_COMPILER_APPICON_NAME = AppIcon;
				CODE_SIGN_STYLE = Automatic;
				DEVELOPMENT_TEAM = JRAFHUD965;
				INFOPLIST_FILE = "Recursive Split Screen/Info.plist";
				IPHONEOS_DEPLOYMENT_TARGET = 11.0;
				LD_RUNPATH_SEARCH_PATHS = (
					"$(inherited)",
					"@executable_path/Frameworks",
				);
				PRODUCT_BUNDLE_IDENTIFIER = "com.martteam.Recursive-Split-Screen";
				PRODUCT_NAME = "$(TARGET_NAME)";
				SWIFT_VERSION = 4.2;
				TARGETED_DEVICE_FAMILY = "1,2";
			};
			name = Debug;
		};
		50AF8C55220A08A600B1DBC7 /* Release */ = {
			isa = XCBuildConfiguration;
			buildSettings = {
				ASSETCATALOG_COMPILER_APPICON_NAME = AppIcon;
				CODE_SIGN_STYLE = Automatic;
				DEVELOPMENT_TEAM = JRAFHUD965;
				INFOPLIST_FILE = "Recursive Split Screen/Info.plist";
				IPHONEOS_DEPLOYMENT_TARGET = 11.0;
				LD_RUNPATH_SEARCH_PATHS = (
					"$(inherited)",
					"@executable_path/Frameworks",
				);
				PRODUCT_BUNDLE_IDENTIFIER = "com.martteam.Recursive-Split-Screen";
				PRODUCT_NAME = "$(TARGET_NAME)";
				SWIFT_VERSION = 4.2;
				TARGETED_DEVICE_FAMILY = "1,2";
			};
			name = Release;
		};
/* End XCBuildConfiguration section */

/* Begin XCConfigurationList section */
		50AF8C3C220A08A400B1DBC7 /* Build configuration list for PBXProject "Recursive Split Screen" */ = {
			isa = XCConfigurationList;
			buildConfigurations = (
				50AF8C51220A08A600B1DBC7 /* Debug */,
				50AF8C52220A08A600B1DBC7 /* Release */,
			);
			defaultConfigurationIsVisible = 0;
			defaultConfigurationName = Release;
		};
		50AF8C53220A08A600B1DBC7 /* Build configuration list for PBXNativeTarget "Recursive Split Screen" */ = {
			isa = XCConfigurationList;
			buildConfigurations = (
				50AF8C54220A08A600B1DBC7 /* Debug */,
				50AF8C55220A08A600B1DBC7 /* Release */,
			);
			defaultConfigurationIsVisible = 0;
			defaultConfigurationName = Release;
		};
/* End XCConfigurationList section */
	};
	rootObject = 50AF8C39220A08A400B1DBC7 /* Project object */;
}
